
Microsoft Visual Studio Solution File, Format Version 12.00
# Visual Studio 15
VisualStudioVersion = 15.0.27130.2036
MinimumVisualStudioVersion = 10.0.40219.1
Project("{FAE04EC0-301F-11D3-BF4B-00C04F79EFBC}") = "Form", "Form\Form.csproj", "{A046D567-66E3-4232-8F5E-3D8354443DF3}"
EndProject
Global
	GlobalSection(SolutionConfigurationPlatforms) = preSolution
		Debug|Any CPU = Debug|Any CPU
		Release|Any CPU = Release|Any CPU
	EndGlobalSection
	GlobalSection(ProjectConfigurationPlatforms) = postSolution
		{A046D567-66E3-4232-8F5E-3D8354443DF3}.Debug|Any CPU.ActiveCfg = Debug|Any CPU
		{A046D567-66E3-4232-8F5E-3D8354443DF3}.Debug|Any CPU.Build.0 = Debug|Any CPU
		{A046D567-66E3-4232-8F5E-3D8354443DF3}.Release|Any CPU.ActiveCfg = Release|Any CPU
		{A046D567-66E3-4232-8F5E-3D8354443DF3}.Release|Any CPU.Build.0 = Release|Any CPU
	EndGlobalSection
	GlobalSection(SolutionProperties) = preSolution
		HideSolutionNode = FALSE
	EndGlobalSection
	GlobalSection(ExtensibilityGlobals) = postSolution
		SolutionGuid = {49DEF093-F513-42C0-8F28-087A4B17567E}
	EndGlobalSection
EndGlobal
